{
  "name": "sentry-test",
  "version": "1.0.0",
  "lockfileVersion": 1,
  "requires": true,
  "dependencies": {
    "@sentry/core": {
      "version": "5.0.6",
      "resolved": "https://registry.npmjs.org/@sentry/core/-/core-5.0.6.tgz",
      "integrity": "sha512-+SOoxMAmi6yhu3ROuUj3qQIedvtpt2XVSoT8iYUwN1U2LZVYM2KFpJKqdpuQt3r1SvEGGEQKYVdGhCGhb6L88Q==",
      "requires": {
        "@sentry/hub": "5.0.6",
        "@sentry/minimal": "5.0.6",
        "@sentry/types": "5.0.6",
        "@sentry/utils": "5.0.6",
        "tslib": "^1.9.3"
      }
    },
    "@sentry/hub": {
      "version": "5.0.6",
      "resolved": "https://registry.npmjs.org/@sentry/hub/-/hub-5.0.6.tgz",
      "integrity": "sha512-ku4rYu2Fy4VLCzPQGY+Oh6dOcDHC4q98hiMR7+adJ79vHjxAL0H+ig1WUGkuWsFZE87VZ+2NhR08l4rpmsEB9g==",
      "requires": {
        "@sentry/types": "5.0.6",
        "@sentry/utils": "5.0.6",
        "tslib": "^1.9.3"
      }
    },
    "@sentry/minimal": {
      "version": "5.0.6",
      "resolved": "https://registry.npmjs.org/@sentry/minimal/-/minimal-5.0.6.tgz",
      "integrity": "sha512-xPaokcBUlc6excZdfswnZceISpb43elhqHmW2BZ5SXemEOQ6OsUPQ1TosgsQQXqTJ6E0LIltBZoV+eA1FsKj3Q==",
      "requires": {
        "@sentry/hub": "5.0.6",
        "@sentry/types": "5.0.6",
        "tslib": "^1.9.3"
      }
    },
    "@sentry/node": {
      "version": "5.0.6",
      "resolved": "https://registry.npmjs.org/@sentry/node/-/node-5.0.6.tgz",
      "integrity": "sha512-nF7E50GKrtQL0J8DvJ9euXCUtSUp5pqBWAo/Fm+zQThWGx+iOwb2C9rRtPGfHDlKxWgNfdB5ZAQYHufh/Meh9A==",
      "requires": {
        "@sentry/core": "5.0.6",
        "@sentry/hub": "5.0.6",
        "@sentry/types": "5.0.6",
        "@sentry/utils": "5.0.6",
        "cookie": "0.3.1",
        "https-proxy-agent": "2.2.1",
        "lru_map": "0.3.3",
        "tslib": "^1.9.3"
      }
    },
    "@sentry/types": {
      "version": "5.0.6",
      "resolved": "https://registry.npmjs.org/@sentry/types/-/types-5.0.6.tgz",
      "integrity": "sha512-EJYzjfnTfTQgqR3p6dSvIVZe0xe2Jz+tSmvuPABf7VoCmrFtEYkMCSf5IshMHeebmXUS5prrPSCAgVcIrJC+Bw=="
    },
    "@sentry/utils": {
      "version": "5.0.6",
      "resolved": "https://registry.npmjs.org/@sentry/utils/-/utils-5.0.6.tgz",
      "integrity": "sha512-JsDlCY3t5g+E1a34IqCpqvj8ZGv/t1nPpySxmlXuk4awnvgGTm+zsN+bauzYPTucqqJLHEILsQnasbJa2H15TA==",
      "requires": {
        "@sentry/types": "5.0.6",
        "tslib": "^1.9.3"
      }
    },
    "agent-base": {
      "version": "4.2.1",
      "resolved": "https://registry.npmjs.org/agent-base/-/agent-base-4.2.1.tgz",
      "integrity": "sha512-JVwXMr9nHYTUXsBFKUqhJwvlcYU/blreOEUkhNR2eXZIvwd+c+o5V4MgDPKWnMS/56awN3TRzIP+KoPn+roQtg==",
      "requires": {
        "es6-promisify": "^5.0.0"
      }
    },
    "cookie": {
      "version": "0.3.1",
      "resolved": "https://registry.npmjs.org/cookie/-/cookie-0.3.1.tgz",
      "integrity": "sha1-5+Ch+e9DtMi6klxcWpboBtFoc7s="
    },
    "debug": {
      "version": "3.2.6",
      "resolved": "https://registry.npmjs.org/debug/-/debug-3.2.6.tgz",
      "integrity": "sha512-mel+jf7nrtEl5Pn1Qx46zARXKDpBbvzezse7p7LqINmdoIk8PYP5SySaxEmYv6TZ0JyEKA1hsCId6DIhgITtWQ==",
      "requires": {
        "ms": "^2.1.1"
      }
    },
    "es6-promise": {
      "version": "4.2.6",
      "resolved": "https://registry.npmjs.org/es6-promise/-/es6-promise-4.2.6.tgz",
      "integrity": "sha512-aRVgGdnmW2OiySVPUC9e6m+plolMAJKjZnQlCwNSuK5yQ0JN61DZSO1X1Ufd1foqWRAlig0rhduTCHe7sVtK5Q=="
    },
    "es6-promisify": {
      "version": "5.0.0",
      "resolved": "https://registry.npmjs.org/es6-promisify/-/es6-promisify-5.0.0.tgz",
      "integrity": "sha1-UQnWLz5W6pZ8S2NQWu8IKRyKUgM=",
      "requires": {
        "es6-promise": "^4.0.3"
      }
    },
    "https-proxy-agent": {
      "version": "2.2.1",
      "resolved": "https://registry.npmjs.org/https-proxy-agent/-/https-proxy-agent-2.2.1.tgz",
      "integrity": "sha512-HPCTS1LW51bcyMYbxUIOO4HEOlQ1/1qRaFWcyxvwaqUS9TY88aoEuHUY33kuAh1YhVVaDQhLZsnPd+XNARWZlQ==",
      "requires": {
        "agent-base": "^4.1.0",
        "debug": "^3.1.0"
      }
    },
    "lru_map": {
      "version": "0.3.3",
      "resolved": "https://registry.npmjs.org/lru_map/-/lru_map-0.3.3.tgz",
      "integrity": "sha1-tcg1G5Rky9dQM1p5ZQoOwOVhGN0="
    },
    "ms": {
      "version": "2.1.1",
      "resolved": "https://registry.npmjs.org/ms/-/ms-2.1.1.tgz",
      "integrity": "sha512-tgp+dl5cGk28utYktBsrFqA7HKgrhgPsg6Z/EfhWI4gl1Hwq8B/GmY/0oXZ6nF8hDVesS/FpnYaD/kOWhYQvyg=="
    },
    "tslib": {
      "version": "1.9.3",
      "resolved": "https://registry.npmjs.org/tslib/-/tslib-1.9.3.tgz",
      "integrity": "sha512-4krF8scpejhaOgqzBEcGM7yDIEfi0/8+8zDRZhNZZ2kjmHJ4hv3zCbQWxoJGz1iw5U0Jl0nma13xzHXcncMavQ=="
    }
  }
}
